// !$*UTF8*$!
{
	archiveVersion = 1;
	classes = {
	};
	objectVersion = 46;
	objects = {

/* Begin PBXBuildFile section */
		FB96C4191A1951C200E9F1FC /* AppDelegate.swift in Sources */ = {isa = PBXBuildFile; fileRef = FB96C4181A1951C200E9F1FC /* AppDelegate.swift */; };
		FB96C41B1A1951C200E9F1FC /* FirstViewController.swift in Sources */ = {isa = PBXBuildFile; fileRef = FB96C41A1A1951C200E9F1FC /* FirstViewController.swift */; };
		FB96C41D1A1951C200E9F1FC /* SecondViewController.swift in Sources */ = {isa = PBXBuildFile; fileRef = FB96C41C1A1951C200E9F1FC /* SecondViewController.swift */; };
		FB96C4201A1951C200E9F1FC /* Main.storyboard in Resources */ = {isa = PBXBuildFile; fileRef = FB96C41E1A1951C200E9F1FC /* Main.storyboard */; };
		FB96C4221A1951C200E9F1FC /* Images.xcassets in Resources */ = {isa = PBXBuildFile; fileRef = FB96C4211A1951C200E9F1FC /* Images.xcassets */; };
		FB96C4251A1951C200E9F1FC /* LaunchScreen.xib in Resources */ = {isa = PBXBuildFile; fileRef = FB96C4231A1951C200E9F1FC /* LaunchScreen.xib */; };
		FB96C4311A1951C200E9F1FC /* Cube_UITests.swift in Sources */ = {isa = PBXBuildFile; fileRef = FB96C4301A1951C200E9F1FC /* Cube_UITests.swift */; };
		FB96C43B1A19522900E9F1FC /* GraphManager.swift in Sources */ = {isa = PBXBuildFile; fileRef = FB96C43A1A19522900E9F1FC /* GraphManager.swift */; };
/* End PBXBuildFile section */

/* Begin PBXContainerItemProxy section */
		FB96C42B1A1951C200E9F1FC /* PBXContainerItemProxy */ = {
			isa = PBXContainerItemProxy;
			containerPortal = FB96C40B1A1951C100E9F1FC /* Project object */;
			proxyType = 1;
			remoteGlobalIDString = FB96C4121A1951C200E9F1FC;
			remoteInfo = "Cube UI";
		};
/* End PBXContainerItemProxy section */

/* Begin PBXFileReference section */
		FB96C4131A1951C200E9F1FC /* Cube UI.app */ = {isa = PBXFileReference; explicitFileType = wrapper.application; includeInIndex = 0; path = "Cube UI.app"; sourceTree = BUILT_PRODUCTS_DIR; };
		FB96C4171A1951C200E9F1FC /* Info.plist */ = {isa = PBXFileReference; lastKnownFileType = text.plist.xml; path = Info.plist; sourceTree = "<group>"; };
		FB96C4181A1951C200E9F1FC /* AppDelegate.swift */ = {isa = PBXFileReference; lastKnownFileType = sourcecode.swift; path = AppDelegate.swift; sourceTree = "<group>"; };
		FB96C41A1A1951C200E9F1FC /* FirstViewController.swift */ = {isa = PBXFileReference; lastKnownFileType = sourcecode.swift; path = FirstViewController.swift; sourceTree = "<group>"; };
		FB96C41C1A1951C200E9F1FC /* SecondViewController.swift */ = {isa = PBXFileReference; lastKnownFileType = sourcecode.swift; path = SecondViewController.swift; sourceTree = "<group>"; };
		FB96C41F1A1951C200E9F1FC /* Base */ = {isa = PBXFileReference; lastKnownFileType = file.storyboard; name = Base; path = Base.lproj/Main.storyboard; sourceTree = "<group>"; };
		FB96C4211A1951C200E9F1FC /* Images.xcassets */ = {isa = PBXFileReference; lastKnownFileType = folder.assetcatalog; path = Images.xcassets; sourceTree = "<group>"; };
		FB96C4241A1951C200E9F1FC /* Base */ = {isa = PBXFileReference; lastKnownFileType = file.xib; name = Base; path = Base.lproj/LaunchScreen.xib; sourceTree = "<group>"; };
		FB96C42A1A1951C200E9F1FC /* Cube UITests.xctest */ = {isa = PBXFileReference; explicitFileType = wrapper.cfbundle; includeInIndex = 0; path = "Cube UITests.xctest"; sourceTree = BUILT_PRODUCTS_DIR; };
		FB96C42F1A1951C200E9F1FC /* Info.plist */ = {isa = PBXFileReference; lastKnownFileType = text.plist.xml; path = Info.plist; sourceTree = "<group>"; };
		FB96C4301A1951C200E9F1FC /* Cube_UITests.swift */ = {isa = PBXFileReference; lastKnownFileType = sourcecode.swift; path = Cube_UITests.swift; sourceTree = "<group>"; };
		FB96C43A1A19522900E9F1FC /* GraphManager.swift */ = {isa = PBXFileReference; fileEncoding = 4; lastKnownFileType = sourcecode.swift; path = GraphManager.swift; sourceTree = "<group>"; };
/* End PBXFileReference section */

/* Begin PBXFrameworksBuildPhase section */
		FB96C4101A1951C200E9F1FC /* Frameworks */ = {
			isa = PBXFrameworksBuildPhase;
			buildActionMask = 2147483647;
			files = (
			);
			runOnlyForDeploymentPostprocessing = 0;
		};
		FB96C4271A1951C200E9F1FC /* Frameworks */ = {
			isa = PBXFrameworksBuildPhase;
			buildActionMask = 2147483647;
			files = (
			);
			runOnlyForDeploymentPostprocessing = 0;
		};
/* End PBXFrameworksBuildPhase section */

/* Begin PBXGroup section */
		FB96C40A1A1951C100E9F1FC = {
			isa = PBXGroup;
			children = (
				FB96C4151A1951C200E9F1FC /* Cube UI */,
				FB96C42D1A1951C200E9F1FC /* Cube UITests */,
				FB96C4141A1951C200E9F1FC /* Products */,
			);
			sourceTree = "<group>";
		};
		FB96C4141A1951C200E9F1FC /* Products */ = {
			isa = PBXGroup;
			children = (
				FB96C4131A1951C200E9F1FC /* Cube UI.app */,
				FB96C42A1A1951C200E9F1FC /* Cube UITests.xctest */,
			);
			name = Products;
			sourceTree = "<group>";
		};
		FB96C4151A1951C200E9F1FC /* Cube UI */ = {
			isa = PBXGroup;
			children = (
				FB96C4181A1951C200E9F1FC /* AppDelegate.swift */,
				FB96C41A1A1951C200E9F1FC /* FirstViewController.swift */,
				FB96C41C1A1951C200E9F1FC /* SecondViewController.swift */,
				FB96C43A1A19522900E9F1FC /* GraphManager.swift */,
				FB96C41E1A1951C200E9F1FC /* Main.storyboard */,
				FB96C4211A1951C200E9F1FC /* Images.xcassets */,
				FB96C4231A1951C200E9F1FC /* LaunchScreen.xib */,
				FB96C4161A1951C200E9F1FC /* Supporting Files */,
			);
			path = "Cube UI";
			sourceTree = "<group>";
		};
		FB96C4161A1951C200E9F1FC /* Supporting Files */ = {
			isa = PBXGroup;
			children = (
				FB96C4171A1951C200E9F1FC /* Info.plist */,
			);
			name = "Supporting Files";
			sourceTree = "<group>";
		};
		FB96C42D1A1951C200E9F1FC /* Cube UITests */ = {
			isa = PBXGroup;
			children = (
				FB96C4301A1951C200E9F1FC /* Cube_UITests.swift */,
				FB96C42E1A1951C200E9F1FC /* Supporting Files */,
			);
			path = "Cube UITests";
			sourceTree = "<group>";
		};
		FB96C42E1A1951C200E9F1FC /* Supporting Files */ = {
			isa = PBXGroup;
			children = (
				FB96C42F1A1951C200E9F1FC /* Info.plist */,
			);
			name = "Supporting Files";
			sourceTree = "<group>";
		};
/* End PBXGroup section */

/* Begin PBXNativeTarget section */
		FB96C4121A1951C200E9F1FC /* Cube UI */ = {
			isa = PBXNativeTarget;
			buildConfigurationList = FB96C4341A1951C200E9F1FC /* Build configuration list for PBXNativeTarget "Cube UI" */;
			buildPhases = (
				FB96C40F1A1951C200E9F1FC /* Sources */,
				FB96C4101A1951C200E9F1FC /* Frameworks */,
				FB96C4111A1951C200E9F1FC /* Resources */,
			);
			buildRules = (
			);
			dependencies = (
			);
			name = "Cube UI";
			productName = "Cube UI";
			productReference = FB96C4131A1951C200E9F1FC /* Cube UI.app */;
			productType = "com.apple.product-type.application";
		};
		FB96C4291A1951C200E9F1FC /* Cube UITests */ = {
			isa = PBXNativeTarget;
			buildConfigurationList = FB96C4371A1951C200E9F1FC /* Build configuration list for PBXNativeTarget "Cube UITests" */;
			buildPhases = (
				FB96C4261A1951C200E9F1FC /* Sources */,
				FB96C4271A1951C200E9F1FC /* Frameworks */,
				FB96C4281A1951C200E9F1FC /* Resources */,
			);
			buildRules = (
			);
			dependencies = (
				FB96C42C1A1951C200E9F1FC /* PBXTargetDependency */,
			);
			name = "Cube UITests";
			productName = "Cube UITests";
			productReference = FB96C42A1A1951C200E9F1FC /* Cube UITests.xctest */;
			productType = "com.apple.product-type.bundle.unit-test";
		};
/* End PBXNativeTarget section */

/* Begin PBXProject section */
		FB96C40B1A1951C100E9F1FC /* Project object */ = {
			isa = PBXProject;
			attributes = {
				LastUpgradeCheck = 0610;
				ORGANIZATIONNAME = Jonny;
				TargetAttributes = {
					FB96C4121A1951C200E9F1FC = {
						CreatedOnToolsVersion = 6.1;
					};
					FB96C4291A1951C200E9F1FC = {
						CreatedOnToolsVersion = 6.1;
						TestTargetID = FB96C4121A1951C200E9F1FC;
					};
				};
			};
			buildConfigurationList = FB96C40E1A1951C100E9F1FC /* Build configuration list for PBXProject "Cube UI" */;
			compatibilityVersion = "Xcode 3.2";
			developmentRegion = English;
			hasScannedForEncodings = 0;
			knownRegions = (
				en,
				Base,
			);
			mainGroup = FB96C40A1A1951C100E9F1FC;
			productRefGroup = FB96C4141A1951C200E9F1FC /* Products */;
			projectDirPath = "";
			projectRoot = "";
			targets = (
				FB96C4121A1951C200E9F1FC /* Cube UI */,
				FB96C4291A1951C200E9F1FC /* Cube UITests */,
			);
		};
/* End PBXProject section */

/* Begin PBXResourcesBuildPhase section */
		FB96C4111A1951C200E9F1FC /* Resources */ = {
			isa = PBXResourcesBuildPhase;
			buildActionMask = 2147483647;
			files = (
				FB96C4201A1951C200E9F1FC /* Main.storyboard in Resources */,
				FB96C4251A1951C200E9F1FC /* LaunchScreen.xib in Resources */,
				FB96C4221A1951C200E9F1FC /* Images.xcassets in Resources */,
			);
			runOnlyForDeploymentPostprocessing = 0;
		};
		FB96C4281A1951C200E9F1FC /* Resources */ = {
			isa = PBXResourcesBuildPhase;
			buildActionMask = 2147483647;
			files = (
			);
			runOnlyForDeploymentPostprocessing = 0;
		};
/* End PBXResourcesBuildPhase section */

/* Begin PBXSourcesBuildPhase section */
		FB96C40F1A1951C200E9F1FC /* Sources */ = {
			isa = PBXSourcesBuildPhase;
			buildActionMask = 2147483647;
			files = (
				FB96C41D1A1951C200E9F1FC /* SecondViewController.swift in Sources */,
				FB96C4191A1951C200E9F1FC /* AppDelegate.swift in Sources */,
				FB96C43B1A19522900E9F1FC /* GraphManager.swift in Sources */,
				FB96C41B1A1951C200E9F1FC /* FirstViewController.swift in Sources */,
			);
			runOnlyForDeploymentPostprocessing = 0;
		};
		FB96C4261A1951C200E9F1FC /* Sources */ = {
			isa = PBXSourcesBuildPhase;
			buildActionMask = 2147483647;
			files = (
				FB96C4311A1951C200E9F1FC /* Cube_UITests.swift in Sources */,
			);
			runOnlyForDeploymentPostprocessing = 0;
		};
/* End PBXSourcesBuildPhase section */

/* Begin PBXTargetDependency section */
		FB96C42C1A1951C200E9F1FC /* PBXTargetDependency */ = {
			isa = PBXTargetDependency;
			target = FB96C4121A1951C200E9F1FC /* Cube UI */;
			targetProxy = FB96C42B1A1951C200E9F1FC /* PBXContainerItemProxy */;
		};
/* End PBXTargetDependency section */

/* Begin PBXVariantGroup section */
		FB96C41E1A1951C200E9F1FC /* Main.storyboard */ = {
			isa = PBXVariantGroup;
			children = (
				FB96C41F1A1951C200E9F1FC /* Base */,
			);
			name = Main.storyboard;
			sourceTree = "<group>";
		};
		FB96C4231A1951C200E9F1FC /* LaunchScreen.xib */ = {
			isa = PBXVariantGroup;
			children = (
				FB96C4241A1951C200E9F1FC /* Base */,
			);
			name = LaunchScreen.xib;
			sourceTree = "<group>";
		};
/* End PBXVariantGroup section */

/* Begin XCBuildConfiguration section */
		FB96C4321A1951C200E9F1FC /* Debug */ = {
			isa = XCBuildConfiguration;
			buildSettings = {
				ALWAYS_SEARCH_USER_PATHS = NO;
				CLANG_CXX_LANGUAGE_STANDARD = "gnu++0x";
				CLANG_CXX_LIBRARY = "libc++";
				CLANG_ENABLE_MODULES = YES;
				CLANG_ENABLE_OBJC_ARC = YES;
				CLANG_WARN_BOOL_CONVERSION = YES;
				CLANG_WARN_CONSTANT_CONVERSION = YES;
				CLANG_WARN_DIRECT_OBJC_ISA_USAGE = YES_ERROR;
				CLANG_WARN_EMPTY_BODY = YES;
				CLANG_WARN_ENUM_CONVERSION = YES;
				CLANG_WARN_INT_CONVERSION = YES;
				CLANG_WARN_OBJC_ROOT_CLASS = YES_ERROR;
				CLANG_WARN_UNREACHABLE_CODE = YES;
				CLANG_WARN__DUPLICATE_METHOD_MATCH = YES;
				"CODE_SIGN_IDENTITY[sdk=iphoneos*]" = "iPhone Developer";
				COPY_PHASE_STRIP = NO;
				ENABLE_STRICT_OBJC_MSGSEND = YES;
				GCC_C_LANGUAGE_STANDARD = gnu99;
				GCC_DYNAMIC_NO_PIC = NO;
				GCC_OPTIMIZATION_LEVEL = 0;
				GCC_PREPROCESSOR_DEFINITIONS = (
					"DEBUG=1",
					"$(inherited)",
				);
				GCC_SYMBOLS_PRIVATE_EXTERN = NO;
				GCC_WARN_64_TO_32_BIT_CONVERSION = YES;
				GCC_WARN_ABOUT_RETURN_TYPE = YES_ERROR;
				GCC_WARN_UNDECLARED_SELECTOR = YES;
				GCC_WARN_UNINITIALIZED_AUTOS = YES_AGGRESSIVE;
				GCC_WARN_UNUSED_FUNCTION = YES;
				GCC_WARN_UNUSED_VARIABLE = YES;
				IPHONEOS_DEPLOYMENT_TARGET = 8.1;
				MTL_ENABLE_DEBUG_INFO = YES;
				ONLY_ACTIVE_ARCH = YES;
				SDKROOT = iphoneos;
				SWIFT_OPTIMIZATION_LEVEL = "-Onone";
				TARGETED_DEVICE_FAMILY = "1,2";
			};
			name = Debug;
		};
		FB96C4331A1951C200E9F1FC /* Release */ = {
			isa = XCBuildConfiguration;
			buildSettings = {
				ALWAYS_SEARCH_USER_PATHS = NO;
				CLANG_CXX_LANGUAGE_STANDARD = "gnu++0x";
				CLANG_CXX_LIBRARY = "libc++";
				CLANG_ENABLE_MODULES = YES;
				CLANG_ENABLE_OBJC_ARC = YES;
				CLANG_WARN_BOOL_CONVERSION = YES;
				CLANG_WARN_CONSTANT_CONVERSION = YES;
				CLANG_WARN_DIRECT_OBJC_ISA_USAGE = YES_ERROR;
				CLANG_WARN_EMPTY_BODY = YES;
				CLANG_WARN_ENUM_CONVERSION = YES;
				CLANG_WARN_INT_CONVERSION = YES;
				CLANG_WARN_OBJC_ROOT_CLASS = YES_ERROR;
				CLANG_WARN_UNREACHABLE_CODE = YES;
				CLANG_WARN__DUPLICATE_METHOD_MATCH = YES;
				"CODE_SIGN_IDENTITY[sdk=iphoneos*]" = "iPhone Developer";
				COPY_PHASE_STRIP = YES;
				ENABLE_NS_ASSERTIONS = NO;
				ENABLE_STRICT_OBJC_MSGSEND = YES;
				GCC_C_LANGUAGE_STANDARD = gnu99;
				GCC_WARN_64_TO_32_BIT_CONVERSION = YES;
				GCC_WARN_ABOUT_RETURN_TYPE = YES_ERROR;
				GCC_WARN_UNDECLARED_SELECTOR = YES;
				GCC_WARN_UNINITIALIZED_AUTOS = YES_AGGRESSIVE;
				GCC_WARN_UNUSED_FUNCTION = YES;
				GCC_WARN_UNUSED_VARIABLE = YES;
				IPHONEOS_DEPLOYMENT_TARGET = 8.1;
				MTL_ENABLE_DEBUG_INFO = NO;
				SDKROOT = iphoneos;
				TARGETED_DEVICE_FAMILY = "1,2";
				VALIDATE_PRODUCT = YES;
			};
			name = Release;
		};
		FB96C4351A1951C200E9F1FC /* Debug */ = {
			isa = XCBuildConfiguration;
			buildSettings = {
				ASSETCATALOG_COMPILER_APPICON_NAME = AppIcon;
				INFOPLIST_FILE = "Cube UI/Info.plist";
				LD_RUNPATH_SEARCH_PATHS = "$(inherited) @executable_path/Frameworks";
				PRODUCT_NAME = "$(TARGET_NAME)";
			};
			name = Debug;
		};
		FB96C4361A1951C200E9F1FC /* Release */ = {
			isa = XCBuildConfiguration;
			buildSettings = {
				ASSETCATALOG_COMPILER_APPICON_NAME = AppIcon;
				INFOPLIST_FILE = "Cube UI/Info.plist";
				LD_RUNPATH_SEARCH_PATHS = "$(inherited) @executable_path/Frameworks";
				PRODUCT_NAME = "$(TARGET_NAME)";
			};
			name = Release;
		};
		FB96C4381A1951C200E9F1FC /* Debug */ = {
			isa = XCBuildConfiguration;
			buildSettings = {
				BUNDLE_LOADER = "$(TEST_HOST)";
				FRAMEWORK_SEARCH_PATHS = (
					"$(SDKROOT)/Developer/Library/Frameworks",
					"$(inherited)",
				);
				GCC_PREPROCESSOR_DEFINITIONS = (
					"DEBUG=1",
					"$(inherited)",
				);
				INFOPLIST_FILE = "Cube UITests/Info.plist";
				LD_RUNPATH_SEARCH_PATHS = "$(inherited) @executable_path/Frameworks @loader_path/Frameworks";
				PRODUCT_NAME = "$(TARGET_NAME)";
				TEST_HOST = "$(BUILT_PRODUCTS_DIR)/Cube UI.app/Cube UI";
			};
			name = Debug;
		};
		FB96C4391A1951C200E9F1FC /* Release */ = {
			isa = XCBuildConfiguration;
			buildSettings = {
				BUNDLE_LOADER = "$(TEST_HOST)";
				FRAMEWORK_SEARCH_PATHS = (
					"$(SDKROOT)/Developer/Library/Frameworks",
					"$(inherited)",
				);
				INFOPLIST_FILE = "Cube UITests/Info.plist";
				LD_RUNPATH_SEARCH_PATHS = "$(inherited) @executable_path/Frameworks @loader_path/Frameworks";
				PRODUCT_NAME = "$(TARGET_NAME)";
				TEST_HOST = "$(BUILT_PRODUCTS_DIR)/Cube UI.app/Cube UI";
			};
			name = Release;
		};
/* End XCBuildConfiguration section */

/* Begin XCConfigurationList section */
		FB96C40E1A1951C100E9F1FC /* Build configuration list for PBXProject "Cube UI" */ = {
			isa = XCConfigurationList;
			buildConfigurations = (
				FB96C4321A1951C200E9F1FC /* Debug */,
				FB96C4331A1951C200E9F1FC /* Release */,
			);
			defaultConfigurationIsVisible = 0;
			defaultConfigurationName = Release;
		};
		FB96C4341A1951C200E9F1FC /* Build configuration list for PBXNativeTarget "Cube UI" */ = {
			isa = XCConfigurationList;
			buildConfigurations = (
				FB96C4351A1951C200E9F1FC /* Debug */,
				FB96C4361A1951C200E9F1FC /* Release */,
			);
			defaultConfigurationIsVisible = 0;
		};
		FB96C4371A1951C200E9F1FC /* Build configuration list for PBXNativeTarget "Cube UITests" */ = {
			isa = XCConfigurationList;
			buildConfigurations = (
				FB96C4381A1951C200E9F1FC /* Debug */,
				FB96C4391A1951C200E9F1FC /* Release */,
			);
			defaultConfigurationIsVisible = 0;
		};
/* End XCConfigurationList section */
	};
	rootObject = FB96C40B1A1951C100E9F1FC /* Project object */;
}
